{
    "_readme": [
        "This file locks the dependencies of your project to a known state",
        "Read more about it at https://getcomposer.org/doc/01-basic-usage.md#installing-dependencies",
        "This file is @generated automatically"
    ],
    "content-hash": "14a8b9d3b1717fca13f87bb36a1df1f0",
    "packages": [
        {
            "name": "bporcelli/php-taxcloud",
            "version": "1.0.2",
            "source": {
                "type": "git",
                "url": "https://github.com/bporcelli/php-taxcloud.git",
                "reference": "28c80bf767b89651eadfddc3ee287cafcd6328ee"
            },
            "dist": {
                "type": "zip",
                "url": "https://api.github.com/repos/bporcelli/php-taxcloud/zipball/28c80bf767b89651eadfddc3ee287cafcd6328ee",
                "reference": "28c80bf767b89651eadfddc3ee287cafcd6328ee",
                "shasum": ""
            },
            "require": {
                "php": ">=7.4"
            },
            "type": "library",
            "autoload": {
                "psr-0": {
                    "TaxCloud": [
                        "lib/"
                    ]
                }
            },
            "notification-url": "https://packagist.org/downloads/",
            "license": [
                "proprietary"
            ],
            "authors": [
                {
                    "name": "Brett Porcelli",
                    "email": "brettporcelli@gmail.com"
                },
                {
                    "name": "Brian Altenhofel",
                    "email": "brian.altenhofel@vmdoh.com"
                }
            ],
            "description": "TaxCloud PHP library",
            "keywords": [
                "ecommerce",
                "sales",
                "shop",
                "store",
                "tax",
                "taxation",
                "taxes",
                "webshop",
                "webstore"
            ],
            "support": {
                "issues": "https://github.com/bporcelli/php-taxcloud/issues",
                "source": "https://github.com/bporcelli/php-taxcloud/tree/1.0.2"
            },
            "time": "2023-09-29T15:49:31+00:00"
        }
    ],
    "packages-dev": [
        {
            "name": "automattic/jetpack-a8c-mc-stats",
            "version": "v1.4.22",
            "source": {
                "type": "git",
                "url": "https://github.com/Automattic/jetpack-a8c-mc-stats.git",
                "reference": "d7fdf2fc7ae33d75e24e82d81269e33ec718446f"
            },
            "dist": {
                "type": "zip",
                "url": "https://api.github.com/repos/Automattic/jetpack-a8c-mc-stats/zipball/d7fdf2fc7ae33d75e24e82d81269e33ec718446f",
                "reference": "d7fdf2fc7ae33d75e24e82d81269e33ec718446f",
                "shasum": ""
            },
            "require-dev": {
                "automattic/jetpack-changelogger": "^3.3.9",
                "yoast/phpunit-polyfills": "1.1.0"
            },
            "suggest": {
                "automattic/jetpack-autoloader": "Allow for better interoperability with other plugins that use this package."
            },
            "type": "jetpack-library",
            "extra": {
                "autotagger": true,
                "mirror-repo": "Automattic/jetpack-a8c-mc-stats",
                "changelogger": {
                    "link-template": "https://github.com/Automattic/jetpack-a8c-mc-stats/compare/v${old}...v${new}"
                },
                "branch-alias": {
                    "dev-trunk": "1.4.x-dev"
                }
            },
            "autoload": {
                "classmap": [
                    "src/"
                ]
            },
            "notification-url": "https://packagist.org/downloads/",
            "license": [
                "GPL-2.0-or-later"
            ],
            "description": "Used to record internal usage stats for Automattic. Not visible to site owners.",
            "support": {
                "source": "https://github.com/Automattic/jetpack-a8c-mc-stats/tree/v1.4.22"
            },
            "time": "2023-09-19T18:18:33+00:00"
        },
        {
            "name": "automattic/jetpack-admin-ui",
            "version": "v0.2.25",
            "source": {
                "type": "git",
                "url": "https://github.com/Automattic/jetpack-admin-ui.git",
                "reference": "d9566f47ab310d675779273eeead6d0ca64fff82"
            },
            "dist": {
                "type": "zip",
                "url": "https://api.github.com/repos/Automattic/jetpack-admin-ui/zipball/d9566f47ab310d675779273eeead6d0ca64fff82",
                "reference": "d9566f47ab310d675779273eeead6d0ca64fff82",
                "shasum": ""
            },
            "require-dev": {
                "automattic/jetpack-changelogger": "^3.3.11",
                "automattic/jetpack-logo": "^1.6.3",
                "automattic/wordbless": "dev-master",
                "yoast/phpunit-polyfills": "1.1.0"
            },
            "suggest": {
                "automattic/jetpack-autoloader": "Allow for better interoperability with other plugins that use this package."
            },
            "type": "jetpack-library",
            "extra": {
                "autotagger": true,
                "mirror-repo": "Automattic/jetpack-admin-ui",
                "textdomain": "jetpack-admin-ui",
                "changelogger": {
                    "link-template": "https://github.com/Automattic/jetpack-admin-ui/compare/${old}...${new}"
                },
                "branch-alias": {
                    "dev-trunk": "0.2.x-dev"
                },
                "version-constants": {
                    "::PACKAGE_VERSION": "src/class-admin-menu.php"
                }
            },
            "autoload": {
                "classmap": [
                    "src/"
                ]
            },
            "notification-url": "https://packagist.org/downloads/",
            "license": [
                "GPL-2.0-or-later"
            ],
            "description": "Generic Jetpack wp-admin UI elements",
            "support": {
                "source": "https://github.com/Automattic/jetpack-admin-ui/tree/v0.2.25"
            },
            "time": "2023-11-14T16:36:17+00:00"
        },
        {
            "name": "automattic/jetpack-autoloader",
            "version": "v2.12.0",
            "source": {
                "type": "git",
                "url": "https://github.com/Automattic/jetpack-autoloader.git",
                "reference": "632b69cfc73ed5505f2b03165e7f68d414d0da12"
            },
            "dist": {
                "type": "zip",
                "url": "https://api.github.com/repos/Automattic/jetpack-autoloader/zipball/632b69cfc73ed5505f2b03165e7f68d414d0da12",
                "reference": "632b69cfc73ed5505f2b03165e7f68d414d0da12",
                "shasum": ""
            },
            "require": {
                "composer-plugin-api": "^1.1 || ^2.0"
            },
            "require-dev": {
                "automattic/jetpack-changelogger": "^3.3.11",
                "yoast/phpunit-polyfills": "1.1.0"
            },
            "type": "composer-plugin",
            "extra": {
                "autotagger": true,
                "class": "Automattic\\Jetpack\\Autoloader\\CustomAutoloaderPlugin",
                "mirror-repo": "Automattic/jetpack-autoloader",
                "changelogger": {
                    "link-template": "https://github.com/Automattic/jetpack-autoloader/compare/v${old}...v${new}"
                },
                "version-constants": {
                    "::VERSION": "src/AutoloadGenerator.php"
                },
                "branch-alias": {
                    "dev-trunk": "2.12.x-dev"
                }
            },
            "autoload": {
                "psr-4": {
                    "Automattic\\Jetpack\\Autoloader\\": "src"
                },
                "classmap": [
                    "src/AutoloadGenerator.php"
                ]
            },
            "notification-url": "https://packagist.org/downloads/",
            "license": [
                "GPL-2.0-or-later"
            ],
            "description": "Creates a custom autoloader for a plugin or theme.",
            "keywords": [
                "autoload",
                "autoloader",
                "composer",
                "jetpack",
                "plugin",
                "wordpress"
            ],
            "support": {
                "source": "https://github.com/Automattic/jetpack-autoloader/tree/v2.12.0"
            },
            "time": "2023-09-28T18:33:34+00:00"
        },
        {
            "name": "automattic/jetpack-config",
            "version": "v1.15.4",
            "source": {
                "type": "git",
                "url": "https://github.com/Automattic/jetpack-config.git",
                "reference": "6cf8d61a972530322c9b62f7375fff83342c38f9"
            },
            "dist": {
                "type": "zip",
                "url": "https://api.github.com/repos/Automattic/jetpack-config/zipball/6cf8d61a972530322c9b62f7375fff83342c38f9",
                "reference": "6cf8d61a972530322c9b62f7375fff83342c38f9",
                "shasum": ""
            },
            "require-dev": {
                "automattic/jetpack-changelogger": "^3.3.9"
            },
            "suggest": {
                "automattic/jetpack-autoloader": "Allow for better interoperability with other plugins that use this package."
            },
            "type": "jetpack-library",
            "extra": {
                "autotagger": true,
                "mirror-repo": "Automattic/jetpack-config",
                "textdomain": "jetpack-config",
                "changelogger": {
                    "link-template": "https://github.com/Automattic/jetpack-config/compare/v${old}...v${new}"
                },
                "branch-alias": {
                    "dev-trunk": "1.15.x-dev"
                }
            },
            "autoload": {
                "classmap": [
                    "src/"
                ]
            },
            "notification-url": "https://packagist.org/downloads/",
            "license": [
                "GPL-2.0-or-later"
            ],
            "description": "Jetpack configuration package that initializes other packages and configures Jetpack's functionality. Can be used as a base for all variants of Jetpack package usage.",
            "support": {
                "source": "https://github.com/Automattic/jetpack-config/tree/v1.15.4"
            },
            "time": "2023-09-19T18:18:30+00:00"
        },
        {
            "name": "automattic/jetpack-connection",
            "version": "v1.60.1",
            "source": {
                "type": "git",
                "url": "https://github.com/Automattic/jetpack-connection.git",
                "reference": "fc99f0a4d8839b69341a25f9059b872d426f3e9d"
            },
            "dist": {
                "type": "zip",
                "url": "https://api.github.com/repos/Automattic/jetpack-connection/zipball/fc99f0a4d8839b69341a25f9059b872d426f3e9d",
                "reference": "fc99f0a4d8839b69341a25f9059b872d426f3e9d",
                "shasum": ""
            },
            "require": {
                "automattic/jetpack-a8c-mc-stats": "^1.4.22",
                "automattic/jetpack-admin-ui": "^0.2.25",
                "automattic/jetpack-constants": "^1.6.23",
                "automattic/jetpack-redirect": "^1.7.27",
                "automattic/jetpack-roles": "^1.4.25",
                "automattic/jetpack-status": "^1.19.0"
            },
            "require-dev": {
                "automattic/jetpack-changelogger": "^3.3.11",
                "automattic/wordbless": "@dev",
                "brain/monkey": "2.6.1",
                "yoast/phpunit-polyfills": "1.1.0"
            },
            "suggest": {
                "automattic/jetpack-autoloader": "Allow for better interoperability with other plugins that use this package."
            },
            "type": "jetpack-library",
            "extra": {
                "autotagger": true,
                "mirror-repo": "Automattic/jetpack-connection",
                "textdomain": "jetpack-connection",
                "version-constants": {
                    "::PACKAGE_VERSION": "src/class-package-version.php"
                },
                "changelogger": {
                    "link-template": "https://github.com/Automattic/jetpack-connection/compare/v${old}...v${new}"
                },
                "branch-alias": {
                    "dev-trunk": "1.60.x-dev"
                }
            },
            "autoload": {
                "classmap": [
                    "legacy",
                    "src/",
                    "src/webhooks"
                ]
            },
            "notification-url": "https://packagist.org/downloads/",
            "license": [
                "GPL-2.0-or-later"
            ],
            "description": "Everything needed to connect to the Jetpack infrastructure",
            "support": {
                "source": "https://github.com/Automattic/jetpack-connection/tree/v1.60.1"
            },
            "time": "2023-11-14T16:36:48+00:00"
        },
        {
            "name": "automattic/jetpack-constants",
            "version": "v1.6.23",
            "source": {
                "type": "git",
                "url": "https://github.com/Automattic/jetpack-constants.git",
                "reference": "0825fb1fa94956f26adebc01be0d716a0fd3ade0"
            },
            "dist": {
                "type": "zip",
                "url": "https://api.github.com/repos/Automattic/jetpack-constants/zipball/0825fb1fa94956f26adebc01be0d716a0fd3ade0",
                "reference": "0825fb1fa94956f26adebc01be0d716a0fd3ade0",
                "shasum": ""
            },
            "require-dev": {
                "automattic/jetpack-changelogger": "^3.3.8",
                "brain/monkey": "2.6.1",
                "yoast/phpunit-polyfills": "1.1.0"
            },
            "suggest": {
                "automattic/jetpack-autoloader": "Allow for better interoperability with other plugins that use this package."
            },
            "type": "jetpack-library",
            "extra": {
                "autotagger": true,
                "mirror-repo": "Automattic/jetpack-constants",
                "changelogger": {
                    "link-template": "https://github.com/Automattic/jetpack-constants/compare/v${old}...v${new}"
                },
                "branch-alias": {
                    "dev-trunk": "1.6.x-dev"
                }
            },
            "autoload": {
                "classmap": [
                    "src/"
                ]
            },
            "notification-url": "https://packagist.org/downloads/",
            "license": [
                "GPL-2.0-or-later"
            ],
            "description": "A wrapper for defining constants in a more testable way.",
            "support": {
                "source": "https://github.com/Automattic/jetpack-constants/tree/v1.6.23"
            },
            "time": "2023-08-23T17:56:35+00:00"
        },
        {
            "name": "automattic/jetpack-redirect",
            "version": "v1.7.27",
            "source": {
                "type": "git",
                "url": "https://github.com/Automattic/jetpack-redirect.git",
                "reference": "43dd3ae2bef71281fe70f62733bfaa44c988f1b1"
            },
            "dist": {
                "type": "zip",
                "url": "https://api.github.com/repos/Automattic/jetpack-redirect/zipball/43dd3ae2bef71281fe70f62733bfaa44c988f1b1",
                "reference": "43dd3ae2bef71281fe70f62733bfaa44c988f1b1",
                "shasum": ""
            },
            "require": {
                "automattic/jetpack-status": "^1.18.4"
            },
            "require-dev": {
                "automattic/jetpack-changelogger": "^3.3.9",
                "brain/monkey": "2.6.1",
                "yoast/phpunit-polyfills": "1.1.0"
            },
            "suggest": {
                "automattic/jetpack-autoloader": "Allow for better interoperability with other plugins that use this package."
            },
            "type": "jetpack-library",
            "extra": {
                "autotagger": true,
                "mirror-repo": "Automattic/jetpack-redirect",
                "changelogger": {
                    "link-template": "https://github.com/Automattic/jetpack-redirect/compare/v${old}...v${new}"
                },
                "branch-alias": {
                    "dev-trunk": "1.7.x-dev"
                }
            },
            "autoload": {
                "classmap": [
                    "src/"
                ]
            },
            "notification-url": "https://packagist.org/downloads/",
            "license": [
                "GPL-2.0-or-later"
            ],
            "description": "Utilities to build URLs to the jetpack.com/redirect/ service",
            "support": {
                "source": "https://github.com/Automattic/jetpack-redirect/tree/v1.7.27"
            },
            "time": "2023-09-19T18:19:22+00:00"
        },
        {
            "name": "automattic/jetpack-roles",
            "version": "v1.4.25",
            "source": {
                "type": "git",
                "url": "https://github.com/Automattic/jetpack-roles.git",
                "reference": "708b33f16a879fc2ab5939a972c968c9aeefbe38"
            },
            "dist": {
                "type": "zip",
                "url": "https://api.github.com/repos/Automattic/jetpack-roles/zipball/708b33f16a879fc2ab5939a972c968c9aeefbe38",
                "reference": "708b33f16a879fc2ab5939a972c968c9aeefbe38",
                "shasum": ""
            },
            "require-dev": {
                "automattic/jetpack-changelogger": "^3.3.9",
                "brain/monkey": "2.6.1",
                "yoast/phpunit-polyfills": "1.1.0"
            },
            "suggest": {
                "automattic/jetpack-autoloader": "Allow for better interoperability with other plugins that use this package."
            },
            "type": "jetpack-library",
            "extra": {
                "autotagger": true,
                "mirror-repo": "Automattic/jetpack-roles",
                "changelogger": {
                    "link-template": "https://github.com/Automattic/jetpack-roles/compare/v${old}...v${new}"
                },
                "branch-alias": {
                    "dev-trunk": "1.4.x-dev"
                }
            },
            "autoload": {
                "classmap": [
                    "src/"
                ]
            },
            "notification-url": "https://packagist.org/downloads/",
            "license": [
                "GPL-2.0-or-later"
            ],
            "description": "Utilities, related with user roles and capabilities.",
            "support": {
                "source": "https://github.com/Automattic/jetpack-roles/tree/v1.4.25"
            },
            "time": "2023-09-19T18:18:38+00:00"
        },
        {
            "name": "automattic/jetpack-status",
            "version": "v1.19.0",
            "source": {
                "type": "git",
                "url": "https://github.com/Automattic/jetpack-status.git",
                "reference": "3281c2311752e9df1b2809d8feacb7bf7b9b7b8d"
            },
            "dist": {
                "type": "zip",
                "url": "https://api.github.com/repos/Automattic/jetpack-status/zipball/3281c2311752e9df1b2809d8feacb7bf7b9b7b8d",
                "reference": "3281c2311752e9df1b2809d8feacb7bf7b9b7b8d",
                "shasum": ""
            },
            "require": {
                "automattic/jetpack-constants": "^1.6.23"
            },
            "require-dev": {
                "automattic/jetpack-changelogger": "^3.3.11",
                "automattic/jetpack-ip": "^0.1.6",
                "brain/monkey": "2.6.1",
                "yoast/phpunit-polyfills": "1.1.0"
            },
            "suggest": {
                "automattic/jetpack-autoloader": "Allow for better interoperability with other plugins that use this package."
            },
            "type": "jetpack-library",
            "extra": {
                "autotagger": true,
                "mirror-repo": "Automattic/jetpack-status",
                "changelogger": {
                    "link-template": "https://github.com/Automattic/jetpack-status/compare/v${old}...v${new}"
                },
                "branch-alias": {
                    "dev-trunk": "1.19.x-dev"
                }
            },
            "autoload": {
                "classmap": [
                    "src/"
                ]
            },
            "notification-url": "https://packagist.org/downloads/",
            "license": [
                "GPL-2.0-or-later"
            ],
            "description": "Used to retrieve information about the current status of Jetpack and the site overall.",
            "support": {
                "source": "https://github.com/Automattic/jetpack-status/tree/v1.19.0"
            },
            "time": "2023-11-13T13:50:12+00:00"
        },
        {
            "name": "composer/installers",
            "version": "v1.12.0",
            "source": {
                "type": "git",
                "url": "https://github.com/composer/installers.git",
                "reference": "d20a64ed3c94748397ff5973488761b22f6d3f19"
            },
            "dist": {
                "type": "zip",
                "url": "https://api.github.com/repos/composer/installers/zipball/d20a64ed3c94748397ff5973488761b22f6d3f19",
                "reference": "d20a64ed3c94748397ff5973488761b22f6d3f19",
                "shasum": ""
            },
            "require": {
                "composer-plugin-api": "^1.0 || ^2.0"
            },
            "replace": {
                "roundcube/plugin-installer": "*",
                "shama/baton": "*"
            },
            "require-dev": {
                "composer/composer": "1.6.* || ^2.0",
                "composer/semver": "^1 || ^3",
                "phpstan/phpstan": "^0.12.55",
                "phpstan/phpstan-phpunit": "^0.12.16",
                "symfony/phpunit-bridge": "^4.2 || ^5",
                "symfony/process": "^2.3"
            },
            "type": "composer-plugin",
            "extra": {
                "class": "Composer\\Installers\\Plugin",
                "branch-alias": {
                    "dev-main": "1.x-dev"
                }
            },
            "autoload": {
                "psr-4": {
                    "Composer\\Installers\\": "src/Composer/Installers"
                }
            },
            "notification-url": "https://packagist.org/downloads/",
            "license": [
                "MIT"
            ],
            "authors": [
                {
                    "name": "Kyle Robinson Young",
                    "email": "kyle@dontkry.com",
                    "homepage": "https://github.com/shama"
                }
            ],
            "description": "A multi-framework Composer library installer",
            "homepage": "https://composer.github.io/installers/",
            "keywords": [
                "Craft",
                "Dolibarr",
                "Eliasis",
                "Hurad",
                "ImageCMS",
                "Kanboard",
                "Lan Management System",
                "MODX Evo",
                "MantisBT",
                "Mautic",
                "Maya",
                "OXID",
                "Plentymarkets",
                "Porto",
                "RadPHP",
                "SMF",
                "Starbug",
                "Thelia",
                "Whmcs",
                "WolfCMS",
                "agl",
                "aimeos",
                "annotatecms",
                "attogram",
                "bitrix",
                "cakephp",
                "chef",
                "cockpit",
                "codeigniter",
                "concrete5",
                "croogo",
                "dokuwiki",
                "drupal",
                "eZ Platform",
                "elgg",
                "expressionengine",
                "fuelphp",
                "grav",
                "installer",
                "itop",
                "joomla",
                "known",
                "kohana",
                "laravel",
                "lavalite",
                "lithium",
                "magento",
                "majima",
                "mako",
                "mediawiki",
                "miaoxing",
                "modulework",
                "modx",
                "moodle",
                "osclass",
                "pantheon",
                "phpbb",
                "piwik",
                "ppi",
                "processwire",
                "puppet",
                "pxcms",
                "reindex",
                "roundcube",
                "shopware",
                "silverstripe",
                "sydes",
                "sylius",
                "symfony",
                "tastyigniter",
                "typo3",
                "wordpress",
                "yawik",
                "zend",
                "zikula"
            ],
            "support": {
                "issues": "https://github.com/composer/installers/issues",
                "source": "https://github.com/composer/installers/tree/v1.12.0"
            },
            "funding": [
                {
                    "url": "https://packagist.com",
                    "type": "custom"
                },
                {
                    "url": "https://github.com/composer",
                    "type": "github"
                },
                {
                    "url": "https://tidelift.com/funding/github/packagist/composer/composer",
                    "type": "tidelift"
                }
            ],
            "time": "2021-09-13T08:19:44+00:00"
        },
        {
            "name": "woocommerce/woocommerce-blocks",
            "version": "11.7.0",
            "source": {
                "type": "git",
                "url": "https://github.com/woocommerce/woocommerce-blocks.git",
                "reference": "a26a94d13d9f21fe673f37a14aa1bb17adf7ead6"
            },
            "dist": {
                "type": "zip",
                "url": "https://api.github.com/repos/woocommerce/woocommerce-blocks/zipball/a26a94d13d9f21fe673f37a14aa1bb17adf7ead6",
                "reference": "a26a94d13d9f21fe673f37a14aa1bb17adf7ead6",
                "shasum": ""
            },
            "require": {
                "automattic/jetpack-autoloader": "^2.11",
                "automattic/jetpack-config": "^1.15",
                "automattic/jetpack-connection": "^1.57",
                "composer/installers": "^1.7.0",
                "ext-hash": "*",
                "ext-json": "*"
            },
            "require-dev": {
                "mockery/mockery": "1.6.6",
                "nikic/php-parser": "4.16.0 as 1.0.0",
                "phpdocumentor/reflection": "3.0.1",
                "phpunit/php-code-coverage": "9.2.29",
                "phpunit/phpunit": "9.6.13",
                "woocommerce/woocommerce-sniffs": "0.1.3",
                "wp-hooks/generator": "0.9.0",
                "yoast/phpunit-polyfills": "2.0.0"
            },
            "type": "wordpress-plugin",
            "extra": {
                "scripts-description": {
                    "phpcs": "Analyze code against the WordPress coding standards with PHP_CodeSniffer",
                    "phpcbf": "Fix coding standards warnings/errors automatically with PHP Code Beautifier"
                }
            },
            "autoload": {
                "files": [
                    "src/StoreApi/deprecated.php",
                    "src/StoreApi/functions.php"
                ],
                "psr-4": {
                    "Automattic\\WooCommerce\\Blocks\\": "src/",
                    "Automattic\\WooCommerce\\StoreApi\\": "src/StoreApi/"
                }
            },
            "notification-url": "https://packagist.org/downloads/",
            "license": [
                "GPL-3.0-or-later"
            ],
            "description": "WooCommerce blocks for the Gutenberg editor.",
            "homepage": "https://woocommerce.com/",
            "keywords": [
                "blocks",
                "gutenberg",
                "woocommerce"
            ],
            "support": {
                "issues": "https://github.com/woocommerce/woocommerce-blocks/issues",
                "source": "https://github.com/woocommerce/woocommerce-blocks/tree/v11.7.0"
            },
            "time": "2023-12-05T09:40:55+00:00"
        }
    ],
    "aliases": [],
    "minimum-stability": "stable",
    "stability-flags": [],
    "prefer-stable": false,
    "prefer-lowest": false,
    "platform": [],
    "platform-dev": [],
    "plugin-api-version": "2.3.0"
}
