{
    "_readme": [
        "This file locks the dependencies of your project to a known state",
        "Read more about it at https://getcomposer.org/doc/01-basic-usage.md#installing-dependencies",
        "This file is @generated automatically"
    ],
    "content-hash": "ac8439be610754e7e3a5c82ef55e2dcf",
    "packages": [
        {
            "name": "bporcelli/php-taxcloud",
            "version": "1.0.1",
            "source": {
                "type": "git",
                "url": "https://github.com/bporcelli/php-taxcloud.git",
                "reference": "fcdb99961fc84e1e3168b97212ed969783ca89a3"
            },
            "dist": {
                "type": "zip",
                "url": "https://api.github.com/repos/bporcelli/php-taxcloud/zipball/fcdb99961fc84e1e3168b97212ed969783ca89a3",
                "reference": "fcdb99961fc84e1e3168b97212ed969783ca89a3",
                "shasum": ""
            },
            "require": {
                "php": ">=7.4"
            },
            "type": "library",
            "autoload": {
                "psr-0": {
                    "TaxCloud": [
                        "lib/"
                    ]
                }
            },
            "notification-url": "https://packagist.org/downloads/",
            "license": [
                "proprietary"
            ],
            "authors": [
                {
                    "name": "Brett Porcelli",
                    "email": "brettporcelli@gmail.com"
                },
                {
                    "name": "Brian Altenhofel",
                    "email": "brian.altenhofel@vmdoh.com"
                }
            ],
            "description": "TaxCloud PHP library",
            "keywords": [
                "ecommerce",
                "sales",
                "shop",
                "store",
                "tax",
                "taxation",
                "taxes",
                "webshop",
                "webstore"
            ],
            "support": {
                "issues": "https://github.com/bporcelli/php-taxcloud/issues",
                "source": "https://github.com/bporcelli/php-taxcloud/tree/1.0.1"
            },
            "time": "2023-09-26T15:23:50+00:00"
        }
    ],
    "packages-dev": [],
    "aliases": [],
    "minimum-stability": "stable",
    "stability-flags": [],
    "prefer-stable": false,
    "prefer-lowest": false,
    "platform": [],
    "platform-dev": [],
    "plugin-api-version": "2.3.0"
}
