{
    "_readme": [
        "This file locks the dependencies of your project to a known state",
        "Read more about it at https://getcomposer.org/doc/01-basic-usage.md#installing-dependencies",
        "This file is @generated automatically"
    ],
    "content-hash": "c2b9edd2bbe3c5b178e55822407c2fcb",
    "packages": [
        {
            "name": "bporcelli/php-taxcloud",
            "version": "1.1.0",
            "source": {
                "type": "git",
                "url": "https://github.com/bporcelli/php-taxcloud.git",
                "reference": "c4a6ec2511b9a444e306923f8dc23389b48a1a1a"
            },
            "dist": {
                "type": "zip",
                "url": "https://api.github.com/repos/bporcelli/php-taxcloud/zipball/c4a6ec2511b9a444e306923f8dc23389b48a1a1a",
                "reference": "c4a6ec2511b9a444e306923f8dc23389b48a1a1a",
                "shasum": ""
            },
            "require": {
                "php": ">=7.4"
            },
            "type": "library",
            "autoload": {
                "psr-0": {
                    "TaxCloud": [
                        "lib/"
                    ]
                }
            },
            "notification-url": "https://packagist.org/downloads/",
            "license": [
                "proprietary"
            ],
            "authors": [
                {
                    "name": "Brett Porcelli",
                    "email": "brettporcelli@gmail.com"
                },
                {
                    "name": "Brian Altenhofel",
                    "email": "brian.altenhofel@vmdoh.com"
                }
            ],
            "description": "TaxCloud PHP library",
            "keywords": [
                "ecommerce",
                "sales",
                "shop",
                "store",
                "tax",
                "taxation",
                "taxes",
                "webshop",
                "webstore"
            ],
            "support": {
                "issues": "https://github.com/bporcelli/php-taxcloud/issues",
                "source": "https://github.com/bporcelli/php-taxcloud/tree/1.1.0"
            },
            "time": "2024-06-21T14:54:42+00:00"
        }
    ],
    "packages-dev": [],
    "aliases": [],
    "minimum-stability": "stable",
    "stability-flags": [],
    "prefer-stable": false,
    "prefer-lowest": false,
    "platform": [],
    "platform-dev": [],
    "plugin-api-version": "2.6.0"
}
